
Microsoft Visual Studio Solution File, Format Version 12.00
# Visual Studio Version 17
VisualStudioVersion = 17.0.32112.339
MinimumVisualStudioVersion = 10.0.40219.1
Project("{FAE04EC0-301F-11D3-BF4B-00C04F79EFBC}") = "E1_Actividad1", "E1_Actividad1\E1_Actividad1.csproj", "{666198B3-4A83-4807-81D8-EEB42F56D011}"
EndProject
Global
	GlobalSection(SolutionConfigurationPlatforms) = preSolution
		Debug|Any CPU = Debug|Any CPU
		Release|Any CPU = Release|Any CPU
	EndGlobalSection
	GlobalSection(ProjectConfigurationPlatforms) = postSolution
		{666198B3-4A83-4807-81D8-EEB42F56D011}.Debug|Any CPU.ActiveCfg = Debug|Any CPU
		{666198B3-4A83-4807-81D8-EEB42F56D011}.Debug|Any CPU.Build.0 = Debug|Any CPU
		{666198B3-4A83-4807-81D8-EEB42F56D011}.Release|Any CPU.ActiveCfg = Release|Any CPU
		{666198B3-4A83-4807-81D8-EEB42F56D011}.Release|Any CPU.Build.0 = Release|Any CPU
	EndGlobalSection
	GlobalSection(SolutionProperties) = preSolution
		HideSolutionNode = FALSE
	EndGlobalSection
	GlobalSection(ExtensibilityGlobals) = postSolution
		SolutionGuid = {E2387266-82D5-4929-A24B-83DD04818D44}
	EndGlobalSection
EndGlobal
