
Microsoft Visual Studio Solution File, Format Version 12.00
# Visual Studio Version 17
VisualStudioVersion = 17.0.32112.339
MinimumVisualStudioVersion = 10.0.40219.1
Project("{FAE04EC0-301F-11D3-BF4B-00C04F79EFBC}") = "Actividad_3", "Actividad_3\Actividad_3.csproj", "{4100EB96-5A0C-4506-B3A2-68C4DBDC5479}"
EndProject
Global
	GlobalSection(SolutionConfigurationPlatforms) = preSolution
		Debug|Any CPU = Debug|Any CPU
		Release|Any CPU = Release|Any CPU
	EndGlobalSection
	GlobalSection(ProjectConfigurationPlatforms) = postSolution
		{4100EB96-5A0C-4506-B3A2-68C4DBDC5479}.Debug|Any CPU.ActiveCfg = Debug|Any CPU
		{4100EB96-5A0C-4506-B3A2-68C4DBDC5479}.Debug|Any CPU.Build.0 = Debug|Any CPU
		{4100EB96-5A0C-4506-B3A2-68C4DBDC5479}.Release|Any CPU.ActiveCfg = Release|Any CPU
		{4100EB96-5A0C-4506-B3A2-68C4DBDC5479}.Release|Any CPU.Build.0 = Release|Any CPU
	EndGlobalSection
	GlobalSection(SolutionProperties) = preSolution
		HideSolutionNode = FALSE
	EndGlobalSection
	GlobalSection(ExtensibilityGlobals) = postSolution
		SolutionGuid = {AB611117-5EB4-4AA5-B2D5-39A896DD1534}
	EndGlobalSection
EndGlobal
